
Microsoft Visual Studio Solution File, Format Version 12.00
# Visual Studio Version 17
VisualStudioVersion = 17.7.34221.43
MinimumVisualStudioVersion = 10.0.40219.1
Project("{FAE04EC0-301F-11D3-BF4B-00C04F79EFBC}") = "сетка", "сетка.csproj", "{FC2F7F08-A48A-43C1-B920-0739892CDB04}"
EndProject
Global
	GlobalSection(SolutionConfigurationPlatforms) = preSolution
		Debug|Any CPU = Debug|Any CPU
		Release|Any CPU = Release|Any CPU
	EndGlobalSection
	GlobalSection(ProjectConfigurationPlatforms) = postSolution
		{FC2F7F08-A48A-43C1-B920-0739892CDB04}.Debug|Any CPU.ActiveCfg = Debug|Any CPU
		{FC2F7F08-A48A-43C1-B920-0739892CDB04}.Debug|Any CPU.Build.0 = Debug|Any CPU
		{FC2F7F08-A48A-43C1-B920-0739892CDB04}.Release|Any CPU.ActiveCfg = Release|Any CPU
		{FC2F7F08-A48A-43C1-B920-0739892CDB04}.Release|Any CPU.Build.0 = Release|Any CPU
	EndGlobalSection
	GlobalSection(SolutionProperties) = preSolution
		HideSolutionNode = FALSE
	EndGlobalSection
	GlobalSection(ExtensibilityGlobals) = postSolution
		SolutionGuid = {B2934593-C71B-4327-B3F0-7C72382359FB}
	EndGlobalSection
EndGlobal
